
Microsoft Visual Studio Solution File, Format Version 12.00
# Visual Studio Version 16
VisualStudioVersion = 16.0.29728.190
MinimumVisualStudioVersion = 10.0.40219.1
Project("{9A19103F-16F7-4668-BE54-9A1E7A4F7556}") = "ProductScraper.Services", "ProductScraper.Services\ProductScraper.Services.csproj", "{C66D1A1A-62BF-4F6D-859E-F655025EE898}"
EndProject
Project("{9A19103F-16F7-4668-BE54-9A1E7A4F7556}") = "ProductScraper.Models", "ProductScraper.Models\ProductScraper.Models.csproj", "{85851D59-DB02-4720-B3A9-1078A6A8C06D}"
EndProject
Project("{9A19103F-16F7-4668-BE54-9A1E7A4F7556}") = "ProductScraper", "ProductScraper\ProductScraper.csproj", "{01E4A819-6371-4E4B-86A6-D7E975693975}"
	ProjectSection(ProjectDependencies) = postProject
		{B1F32353-03DB-4E80-9DD2-9856160B9981} = {B1F32353-03DB-4E80-9DD2-9856160B9981}
	EndProjectSection
EndProject
Project("{9A19103F-16F7-4668-BE54-9A1E7A4F7556}") = "ProductScraper.Functions", "ProductScraper.Functions\ProductScraper.Functions.csproj", "{B1F32353-03DB-4E80-9DD2-9856160B9981}"
EndProject
Project("{9A19103F-16F7-4668-BE54-9A1E7A4F7556}") = "ProductScraper.Common", "ProductScraper.Common\ProductScraper.Common.csproj", "{15500699-AD5B-4EC1-B5C6-7CE1D23C0D4C}"
EndProject
Global
	GlobalSection(SolutionConfigurationPlatforms) = preSolution
		Azure|Any CPU = Azure|Any CPU
		Debug|Any CPU = Debug|Any CPU
		Release|Any CPU = Release|Any CPU
	EndGlobalSection
	GlobalSection(ProjectConfigurationPlatforms) = postSolution
		{C66D1A1A-62BF-4F6D-859E-F655025EE898}.Azure|Any CPU.ActiveCfg = Azure|Any CPU
		{C66D1A1A-62BF-4F6D-859E-F655025EE898}.Azure|Any CPU.Build.0 = Azure|Any CPU
		{C66D1A1A-62BF-4F6D-859E-F655025EE898}.Debug|Any CPU.ActiveCfg = Debug|Any CPU
		{C66D1A1A-62BF-4F6D-859E-F655025EE898}.Debug|Any CPU.Build.0 = Debug|Any CPU
		{C66D1A1A-62BF-4F6D-859E-F655025EE898}.Release|Any CPU.ActiveCfg = Release|Any CPU
		{C66D1A1A-62BF-4F6D-859E-F655025EE898}.Release|Any CPU.Build.0 = Release|Any CPU
		{85851D59-DB02-4720-B3A9-1078A6A8C06D}.Azure|Any CPU.ActiveCfg = Azure|Any CPU
		{85851D59-DB02-4720-B3A9-1078A6A8C06D}.Azure|Any CPU.Build.0 = Azure|Any CPU
		{85851D59-DB02-4720-B3A9-1078A6A8C06D}.Debug|Any CPU.ActiveCfg = Debug|Any CPU
		{85851D59-DB02-4720-B3A9-1078A6A8C06D}.Debug|Any CPU.Build.0 = Debug|Any CPU
		{85851D59-DB02-4720-B3A9-1078A6A8C06D}.Release|Any CPU.ActiveCfg = Release|Any CPU
		{85851D59-DB02-4720-B3A9-1078A6A8C06D}.Release|Any CPU.Build.0 = Release|Any CPU
		{01E4A819-6371-4E4B-86A6-D7E975693975}.Azure|Any CPU.ActiveCfg = Azure|Any CPU
		{01E4A819-6371-4E4B-86A6-D7E975693975}.Azure|Any CPU.Build.0 = Azure|Any CPU
		{01E4A819-6371-4E4B-86A6-D7E975693975}.Debug|Any CPU.ActiveCfg = Debug|Any CPU
		{01E4A819-6371-4E4B-86A6-D7E975693975}.Debug|Any CPU.Build.0 = Debug|Any CPU
		{01E4A819-6371-4E4B-86A6-D7E975693975}.Release|Any CPU.ActiveCfg = Release|Any CPU
		{01E4A819-6371-4E4B-86A6-D7E975693975}.Release|Any CPU.Build.0 = Release|Any CPU
		{B1F32353-03DB-4E80-9DD2-9856160B9981}.Azure|Any CPU.ActiveCfg = Azure|Any CPU
		{B1F32353-03DB-4E80-9DD2-9856160B9981}.Azure|Any CPU.Build.0 = Azure|Any CPU
		{B1F32353-03DB-4E80-9DD2-9856160B9981}.Debug|Any CPU.ActiveCfg = Debug|Any CPU
		{B1F32353-03DB-4E80-9DD2-9856160B9981}.Debug|Any CPU.Build.0 = Debug|Any CPU
		{B1F32353-03DB-4E80-9DD2-9856160B9981}.Release|Any CPU.ActiveCfg = Release|Any CPU
		{B1F32353-03DB-4E80-9DD2-9856160B9981}.Release|Any CPU.Build.0 = Release|Any CPU
		{15500699-AD5B-4EC1-B5C6-7CE1D23C0D4C}.Azure|Any CPU.ActiveCfg = Debug|Any CPU
		{15500699-AD5B-4EC1-B5C6-7CE1D23C0D4C}.Azure|Any CPU.Build.0 = Debug|Any CPU
		{15500699-AD5B-4EC1-B5C6-7CE1D23C0D4C}.Debug|Any CPU.ActiveCfg = Debug|Any CPU
		{15500699-AD5B-4EC1-B5C6-7CE1D23C0D4C}.Debug|Any CPU.Build.0 = Debug|Any CPU
		{15500699-AD5B-4EC1-B5C6-7CE1D23C0D4C}.Release|Any CPU.ActiveCfg = Release|Any CPU
		{15500699-AD5B-4EC1-B5C6-7CE1D23C0D4C}.Release|Any CPU.Build.0 = Release|Any CPU
	EndGlobalSection
	GlobalSection(SolutionProperties) = preSolution
		HideSolutionNode = FALSE
	EndGlobalSection
	GlobalSection(ExtensibilityGlobals) = postSolution
		SolutionGuid = {E0BD09C8-AFF5-4B82-BF0D-A38D83593232}
	EndGlobalSection
EndGlobal
